
Microsoft Visual Studio Solution File, Format Version 12.00
# Visual Studio Version 16
VisualStudioVersion = 16.0.30413.136
MinimumVisualStudioVersion = 10.0.40219.1
Project("{FAE04EC0-301F-11D3-BF4B-00C04F79EFBC}") = "WcfClientInf", "WcfClientInf.csproj", "{91F5B3A9-605B-481B-BB34-C72ECDFF8494}"
EndProject
Global
	GlobalSection(SolutionConfigurationPlatforms) = preSolution
		Debug|Any CPU = Debug|Any CPU
		Release|Any CPU = Release|Any CPU
	EndGlobalSection
	GlobalSection(ProjectConfigurationPlatforms) = postSolution
		{91F5B3A9-605B-481B-BB34-C72ECDFF8494}.Debug|Any CPU.ActiveCfg = Debug|Any CPU
		{91F5B3A9-605B-481B-BB34-C72ECDFF8494}.Debug|Any CPU.Build.0 = Debug|Any CPU
		{91F5B3A9-605B-481B-BB34-C72ECDFF8494}.Release|Any CPU.ActiveCfg = Release|Any CPU
		{91F5B3A9-605B-481B-BB34-C72ECDFF8494}.Release|Any CPU.Build.0 = Release|Any CPU
	EndGlobalSection
	GlobalSection(SolutionProperties) = preSolution
		HideSolutionNode = FALSE
	EndGlobalSection
	GlobalSection(ExtensibilityGlobals) = postSolution
		SolutionGuid = {33C80AA1-FB8E-4114-A6D5-A27A0F7FFFB0}
	EndGlobalSection
EndGlobal
